// !$*UTF8*$!
{
	archiveVersion = 1;
	classes = {
	};
	objectVersion = 50;
	objects = {

/* Begin PBXBuildFile section */
		592D31FA01326BE53558D81B /* Pods_Todoey.framework in Frameworks */ = {isa = PBXBuildFile; fileRef = C7F7D3AD6C866D39C9FAFCA7 /* Pods_Todoey.framework */; };
		A378194F22BA21BC00B8C7F9 /* AppDelegate.swift in Sources */ = {isa = PBXBuildFile; fileRef = A378194E22BA21BC00B8C7F9 /* AppDelegate.swift */; };
		A378195122BA21BC00B8C7F9 /* TodoListViewController.swift in Sources */ = {isa = PBXBuildFile; fileRef = A378195022BA21BC00B8C7F9 /* TodoListViewController.swift */; };
		A378195422BA21BC00B8C7F9 /* Main.storyboard in Resources */ = {isa = PBXBuildFile; fileRef = A378195222BA21BC00B8C7F9 /* Main.storyboard */; };
		A378195622BA21BD00B8C7F9 /* Assets.xcassets in Resources */ = {isa = PBXBuildFile; fileRef = A378195522BA21BD00B8C7F9 /* Assets.xcassets */; };
		A378195922BA21BD00B8C7F9 /* LaunchScreen.storyboard in Resources */ = {isa = PBXBuildFile; fileRef = A378195722BA21BD00B8C7F9 /* LaunchScreen.storyboard */; };
		A3DC300322BDA839000157E1 /* DataModel.xcdatamodeld in Sources */ = {isa = PBXBuildFile; fileRef = A3DC300122BDA839000157E1 /* DataModel.xcdatamodeld */; };
		A3DC300522C1C333000157E1 /* CategoryViewController.swift in Sources */ = {isa = PBXBuildFile; fileRef = A3DC300422C1C333000157E1 /* CategoryViewController.swift */; };
/* End PBXBuildFile section */

/* Begin PBXFileReference section */
		7952ED862C72655708148544 /* Pods-Todoey.debug.xcconfig */ = {isa = PBXFileReference; includeInIndex = 1; lastKnownFileType = text.xcconfig; name = "Pods-Todoey.debug.xcconfig"; path = "Target Support Files/Pods-Todoey/Pods-Todoey.debug.xcconfig"; sourceTree = "<group>"; };
		A378194B22BA21BC00B8C7F9 /* Todoey.app */ = {isa = PBXFileReference; explicitFileType = wrapper.application; includeInIndex = 0; path = Todoey.app; sourceTree = BUILT_PRODUCTS_DIR; };
		A378194E22BA21BC00B8C7F9 /* AppDelegate.swift */ = {isa = PBXFileReference; lastKnownFileType = sourcecode.swift; path = AppDelegate.swift; sourceTree = "<group>"; };
		A378195022BA21BC00B8C7F9 /* TodoListViewController.swift */ = {isa = PBXFileReference; lastKnownFileType = sourcecode.swift; name = TodoListViewController.swift; path = ../TodoListViewController.swift; sourceTree = "<group>"; };
		A378195322BA21BC00B8C7F9 /* Base */ = {isa = PBXFileReference; lastKnownFileType = file.storyboard; name = Base; path = Base.lproj/Main.storyboard; sourceTree = "<group>"; };
		A378195522BA21BD00B8C7F9 /* Assets.xcassets */ = {isa = PBXFileReference; lastKnownFileType = folder.assetcatalog; path = Assets.xcassets; sourceTree = "<group>"; };
		A378195822BA21BD00B8C7F9 /* Base */ = {isa = PBXFileReference; lastKnownFileType = file.storyboard; name = Base; path = Base.lproj/LaunchScreen.storyboard; sourceTree = "<group>"; };
		A378195A22BA21BD00B8C7F9 /* Info.plist */ = {isa = PBXFileReference; lastKnownFileType = text.plist.xml; path = Info.plist; sourceTree = "<group>"; };
		A3DC300222BDA839000157E1 /* DataModel.xcdatamodel */ = {isa = PBXFileReference; lastKnownFileType = wrapper.xcdatamodel; path = DataModel.xcdatamodel; sourceTree = "<group>"; };
		A3DC300422C1C333000157E1 /* CategoryViewController.swift */ = {isa = PBXFileReference; lastKnownFileType = sourcecode.swift; path = CategoryViewController.swift; sourceTree = "<group>"; };
		C3F2D67DC01122A021B245E4 /* Pods-Todoey.release.xcconfig */ = {isa = PBXFileReference; includeInIndex = 1; lastKnownFileType = text.xcconfig; name = "Pods-Todoey.release.xcconfig"; path = "Target Support Files/Pods-Todoey/Pods-Todoey.release.xcconfig"; sourceTree = "<group>"; };
		C7F7D3AD6C866D39C9FAFCA7 /* Pods_Todoey.framework */ = {isa = PBXFileReference; explicitFileType = wrapper.framework; includeInIndex = 0; path = Pods_Todoey.framework; sourceTree = BUILT_PRODUCTS_DIR; };
/* End PBXFileReference section */

/* Begin PBXFrameworksBuildPhase section */
		A378194822BA21BC00B8C7F9 /* Frameworks */ = {
			isa = PBXFrameworksBuildPhase;
			buildActionMask = 2147483647;
			files = (
				592D31FA01326BE53558D81B /* Pods_Todoey.framework in Frameworks */,
			);
			runOnlyForDeploymentPostprocessing = 0;
		};
/* End PBXFrameworksBuildPhase section */

/* Begin PBXGroup section */
		4599EA9C73056C211AA93795 /* Frameworks */ = {
			isa = PBXGroup;
			children = (
				C7F7D3AD6C866D39C9FAFCA7 /* Pods_Todoey.framework */,
			);
			name = Frameworks;
			sourceTree = "<group>";
		};
		A378194222BA21BC00B8C7F9 = {
			isa = PBXGroup;
			children = (
				A378194D22BA21BC00B8C7F9 /* Todoey */,
				A378194C22BA21BC00B8C7F9 /* Products */,
				B10015387804156C112FD31C /* Pods */,
				4599EA9C73056C211AA93795 /* Frameworks */,
			);
			sourceTree = "<group>";
		};
		A378194C22BA21BC00B8C7F9 /* Products */ = {
			isa = PBXGroup;
			children = (
				A378194B22BA21BC00B8C7F9 /* Todoey.app */,
			);
			name = Products;
			sourceTree = "<group>";
		};
		A378194D22BA21BC00B8C7F9 /* Todoey */ = {
			isa = PBXGroup;
			children = (
				A378194E22BA21BC00B8C7F9 /* AppDelegate.swift */,
				A3DC2FFF22BCA804000157E1 /* Views */,
				A3DC2FFE22BCA7F8000157E1 /* Controller */,
				A3DC2FFD22BCA7C9000157E1 /* Data Model */,
				A3DC300022BCA853000157E1 /* Supporting Files */,
				A378195A22BA21BD00B8C7F9 /* Info.plist */,
			);
			path = Todoey;
			sourceTree = "<group>";
		};
		A3DC2FFD22BCA7C9000157E1 /* Data Model */ = {
			isa = PBXGroup;
			children = (
				A3DC300122BDA839000157E1 /* DataModel.xcdatamodeld */,
			);
			path = "Data Model";
			sourceTree = "<group>";
		};
		A3DC2FFE22BCA7F8000157E1 /* Controller */ = {
			isa = PBXGroup;
			children = (
				A3DC300422C1C333000157E1 /* CategoryViewController.swift */,
				A378195022BA21BC00B8C7F9 /* TodoListViewController.swift */,
			);
			path = Controller;
			sourceTree = "<group>";
		};
		A3DC2FFF22BCA804000157E1 /* Views */ = {
			isa = PBXGroup;
			children = (
				A378195222BA21BC00B8C7F9 /* Main.storyboard */,
			);
			path = Views;
			sourceTree = "<group>";
		};
		A3DC300022BCA853000157E1 /* Supporting Files */ = {
			isa = PBXGroup;
			children = (
				A378195522BA21BD00B8C7F9 /* Assets.xcassets */,
				A378195722BA21BD00B8C7F9 /* LaunchScreen.storyboard */,
			);
			path = "Supporting Files";
			sourceTree = "<group>";
		};
		B10015387804156C112FD31C /* Pods */ = {
			isa = PBXGroup;
			children = (
				7952ED862C72655708148544 /* Pods-Todoey.debug.xcconfig */,
				C3F2D67DC01122A021B245E4 /* Pods-Todoey.release.xcconfig */,
			);
			name = Pods;
			path = Pods;
			sourceTree = "<group>";
		};
/* End PBXGroup section */

/* Begin PBXNativeTarget section */
		A378194A22BA21BC00B8C7F9 /* Todoey */ = {
			isa = PBXNativeTarget;
			buildConfigurationList = A378195D22BA21BD00B8C7F9 /* Build configuration list for PBXNativeTarget "Todoey" */;
			buildPhases = (
				E81F9E650CFBE174D41D31BC /* [CP] Check Pods Manifest.lock */,
				A378194722BA21BC00B8C7F9 /* Sources */,
				A378194822BA21BC00B8C7F9 /* Frameworks */,
				A378194922BA21BC00B8C7F9 /* Resources */,
				777C9420F66318619ABB07C2 /* [CP] Embed Pods Frameworks */,
			);
			buildRules = (
			);
			dependencies = (
			);
			name = Todoey;
			productName = Todoey;
			productReference = A378194B22BA21BC00B8C7F9 /* Todoey.app */;
			productType = "com.apple.product-type.application";
		};
/* End PBXNativeTarget section */

/* Begin PBXProject section */
		A378194322BA21BC00B8C7F9 /* Project object */ = {
			isa = PBXProject;
			attributes = {
				LastSwiftUpdateCheck = 1020;
				LastUpgradeCheck = 1020;
				ORGANIZATIONNAME = Chang;
				TargetAttributes = {
					A378194A22BA21BC00B8C7F9 = {
						CreatedOnToolsVersion = 10.2.1;
					};
				};
			};
			buildConfigurationList = A378194622BA21BC00B8C7F9 /* Build configuration list for PBXProject "Todoey" */;
			compatibilityVersion = "Xcode 9.3";
			developmentRegion = en;
			hasScannedForEncodings = 0;
			knownRegions = (
				en,
				Base,
			);
			mainGroup = A378194222BA21BC00B8C7F9;
			productRefGroup = A378194C22BA21BC00B8C7F9 /* Products */;
			projectDirPath = "";
			projectRoot = "";
			targets = (
				A378194A22BA21BC00B8C7F9 /* Todoey */,
			);
		};
/* End PBXProject section */

/* Begin PBXResourcesBuildPhase section */
		A378194922BA21BC00B8C7F9 /* Resources */ = {
			isa = PBXResourcesBuildPhase;
			buildActionMask = 2147483647;
			files = (
				A378195922BA21BD00B8C7F9 /* LaunchScreen.storyboard in Resources */,
				A378195622BA21BD00B8C7F9 /* Assets.xcassets in Resources */,
				A378195422BA21BC00B8C7F9 /* Main.storyboard in Resources */,
			);
			runOnlyForDeploymentPostprocessing = 0;
		};
/* End PBXResourcesBuildPhase section */

/* Begin PBXShellScriptBuildPhase section */
		777C9420F66318619ABB07C2 /* [CP] Embed Pods Frameworks */ = {
			isa = PBXShellScriptBuildPhase;
			buildActionMask = 2147483647;
			files = (
			);
			inputFileListPaths = (
			);
			inputPaths = (
				"${PODS_ROOT}/Target Support Files/Pods-Todoey/Pods-Todoey-frameworks.sh",
				"${BUILT_PRODUCTS_DIR}/Realm/Realm.framework",
				"${BUILT_PRODUCTS_DIR}/RealmSwift/RealmSwift.framework",
			);
			name = "[CP] Embed Pods Frameworks";
			outputFileListPaths = (
			);
			outputPaths = (
				"${TARGET_BUILD_DIR}/${FRAMEWORKS_FOLDER_PATH}/Realm.framework",
				"${TARGET_BUILD_DIR}/${FRAMEWORKS_FOLDER_PATH}/RealmSwift.framework",
			);
			runOnlyForDeploymentPostprocessing = 0;
			shellPath = /bin/sh;
			shellScript = "\"${PODS_ROOT}/Target Support Files/Pods-Todoey/Pods-Todoey-frameworks.sh\"\n";
			showEnvVarsInLog = 0;
		};
		E81F9E650CFBE174D41D31BC /* [CP] Check Pods Manifest.lock */ = {
			isa = PBXShellScriptBuildPhase;
			buildActionMask = 2147483647;
			files = (
			);
			inputFileListPaths = (
			);
			inputPaths = (
				"${PODS_PODFILE_DIR_PATH}/Podfile.lock",
				"${PODS_ROOT}/Manifest.lock",
			);
			name = "[CP] Check Pods Manifest.lock";
			outputFileListPaths = (
			);
			outputPaths = (
				"$(DERIVED_FILE_DIR)/Pods-Todoey-checkManifestLockResult.txt",
			);
			runOnlyForDeploymentPostprocessing = 0;
			shellPath = /bin/sh;
			shellScript = "diff \"${PODS_PODFILE_DIR_PATH}/Podfile.lock\" \"${PODS_ROOT}/Manifest.lock\" > /dev/null\nif [ $? != 0 ] ; then\n    # print error to STDERR\n    echo \"error: The sandbox is not in sync with the Podfile.lock. Run 'pod install' or update your CocoaPods installation.\" >&2\n    exit 1\nfi\n# This output is used by Xcode 'outputs' to avoid re-running this script phase.\necho \"SUCCESS\" > \"${SCRIPT_OUTPUT_FILE_0}\"\n";
			showEnvVarsInLog = 0;
		};
/* End PBXShellScriptBuildPhase section */

/* Begin PBXSourcesBuildPhase section */
		A378194722BA21BC00B8C7F9 /* Sources */ = {
			isa = PBXSourcesBuildPhase;
			buildActionMask = 2147483647;
			files = (
				A3DC300522C1C333000157E1 /* CategoryViewController.swift in Sources */,
				A378195122BA21BC00B8C7F9 /* TodoListViewController.swift in Sources */,
				A3DC300322BDA839000157E1 /* DataModel.xcdatamodeld in Sources */,
				A378194F22BA21BC00B8C7F9 /* AppDelegate.swift in Sources */,
			);
			runOnlyForDeploymentPostprocessing = 0;
		};
/* End PBXSourcesBuildPhase section */

/* Begin PBXVariantGroup section */
		A378195222BA21BC00B8C7F9 /* Main.storyboard */ = {
			isa = PBXVariantGroup;
			children = (
				A378195322BA21BC00B8C7F9 /* Base */,
			);
			name = Main.storyboard;
			sourceTree = "<group>";
		};
		A378195722BA21BD00B8C7F9 /* LaunchScreen.storyboard */ = {
			isa = PBXVariantGroup;
			children = (
				A378195822BA21BD00B8C7F9 /* Base */,
			);
			name = LaunchScreen.storyboard;
			sourceTree = "<group>";
		};
/* End PBXVariantGroup section */

/* Begin XCBuildConfiguration section */
		A378195B22BA21BD00B8C7F9 /* Debug */ = {
			isa = XCBuildConfiguration;
			buildSettings = {
				ALWAYS_SEARCH_USER_PATHS = NO;
				CLANG_ANALYZER_NONNULL = YES;
				CLANG_ANALYZER_NUMBER_OBJECT_CONVERSION = YES_AGGRESSIVE;
				CLANG_CXX_LANGUAGE_STANDARD = "gnu++14";
				CLANG_CXX_LIBRARY = "libc++";
				CLANG_ENABLE_MODULES = YES;
				CLANG_ENABLE_OBJC_ARC = YES;
				CLANG_ENABLE_OBJC_WEAK = YES;
				CLANG_WARN_BLOCK_CAPTURE_AUTORELEASING = YES;
				CLANG_WARN_BOOL_CONVERSION = YES;
				CLANG_WARN_COMMA = YES;
				CLANG_WARN_CONSTANT_CONVERSION = YES;
				CLANG_WARN_DEPRECATED_OBJC_IMPLEMENTATIONS = YES;
				CLANG_WARN_DIRECT_OBJC_ISA_USAGE = YES_ERROR;
				CLANG_WARN_DOCUMENTATION_COMMENTS = YES;
				CLANG_WARN_EMPTY_BODY = YES;
				CLANG_WARN_ENUM_CONVERSION = YES;
				CLANG_WARN_INFINITE_RECURSION = YES;
				CLANG_WARN_INT_CONVERSION = YES;
				CLANG_WARN_NON_LITERAL_NULL_CONVERSION = YES;
				CLANG_WARN_OBJC_IMPLICIT_RETAIN_SELF = YES;
				CLANG_WARN_OBJC_LITERAL_CONVERSION = YES;
				CLANG_WARN_OBJC_ROOT_CLASS = YES_ERROR;
				CLANG_WARN_RANGE_LOOP_ANALYSIS = YES;
				CLANG_WARN_STRICT_PROTOTYPES = YES;
				CLANG_WARN_SUSPICIOUS_MOVE = YES;
				CLANG_WARN_UNGUARDED_AVAILABILITY = YES_AGGRESSIVE;
				CLANG_WARN_UNREACHABLE_CODE = YES;
				CLANG_WARN__DUPLICATE_METHOD_MATCH = YES;
				CODE_SIGN_IDENTITY = "iPhone Developer";
				COPY_PHASE_STRIP = NO;
				DEBUG_INFORMATION_FORMAT = dwarf;
				ENABLE_STRICT_OBJC_MSGSEND = YES;
				ENABLE_TESTABILITY = YES;
				GCC_C_LANGUAGE_STANDARD = gnu11;
				GCC_DYNAMIC_NO_PIC = NO;
				GCC_NO_COMMON_BLOCKS = YES;
				GCC_OPTIMIZATION_LEVEL = 0;
				GCC_PREPROCESSOR_DEFINITIONS = (
					"DEBUG=1",
					"$(inherited)",
				);
				GCC_WARN_64_TO_32_BIT_CONVERSION = YES;
				GCC_WARN_ABOUT_RETURN_TYPE = YES_ERROR;
				GCC_WARN_UNDECLARED_SELECTOR = YES;
				GCC_WARN_UNINITIALIZED_AUTOS = YES_AGGRESSIVE;
				GCC_WARN_UNUSED_FUNCTION = YES;
				GCC_WARN_UNUSED_VARIABLE = YES;
				IPHONEOS_DEPLOYMENT_TARGET = 12.2;
				MTL_ENABLE_DEBUG_INFO = INCLUDE_SOURCE;
				MTL_FAST_MATH = YES;
				ONLY_ACTIVE_ARCH = YES;
				SDKROOT = iphoneos;
				SWIFT_ACTIVE_COMPILATION_CONDITIONS = DEBUG;
				SWIFT_OPTIMIZATION_LEVEL = "-Onone";
			};
			name = Debug;
		};
		A378195C22BA21BD00B8C7F9 /* Release */ = {
			isa = XCBuildConfiguration;
			buildSettings = {
				ALWAYS_SEARCH_USER_PATHS = NO;
				CLANG_ANALYZER_NONNULL = YES;
				CLANG_ANALYZER_NUMBER_OBJECT_CONVERSION = YES_AGGRESSIVE;
				CLANG_CXX_LANGUAGE_STANDARD = "gnu++14";
				CLANG_CXX_LIBRARY = "libc++";
				CLANG_ENABLE_MODULES = YES;
				CLANG_ENABLE_OBJC_ARC = YES;
				CLANG_ENABLE_OBJC_WEAK = YES;
				CLANG_WARN_BLOCK_CAPTURE_AUTORELEASING = YES;
				CLANG_WARN_BOOL_CONVERSION = YES;
				CLANG_WARN_COMMA = YES;
				CLANG_WARN_CONSTANT_CONVERSION = YES;
				CLANG_WARN_DEPRECATED_OBJC_IMPLEMENTATIONS = YES;
				CLANG_WARN_DIRECT_OBJC_ISA_USAGE = YES_ERROR;
				CLANG_WARN_DOCUMENTATION_COMMENTS = YES;
				CLANG_WARN_EMPTY_BODY = YES;
				CLANG_WARN_ENUM_CONVERSION = YES;
				CLANG_WARN_INFINITE_RECURSION = YES;
				CLANG_WARN_INT_CONVERSION = YES;
				CLANG_WARN_NON_LITERAL_NULL_CONVERSION = YES;
				CLANG_WARN_OBJC_IMPLICIT_RETAIN_SELF = YES;
				CLANG_WARN_OBJC_LITERAL_CONVERSION = YES;
				CLANG_WARN_OBJC_ROOT_CLASS = YES_ERROR;
				CLANG_WARN_RANGE_LOOP_ANALYSIS = YES;
				CLANG_WARN_STRICT_PROTOTYPES = YES;
				CLANG_WARN_SUSPICIOUS_MOVE = YES;
				CLANG_WARN_UNGUARDED_AVAILABILITY = YES_AGGRESSIVE;
				CLANG_WARN_UNREACHABLE_CODE = YES;
				CLANG_WARN__DUPLICATE_METHOD_MATCH = YES;
				CODE_SIGN_IDENTITY = "iPhone Developer";
				COPY_PHASE_STRIP = NO;
				DEBUG_INFORMATION_FORMAT = "dwarf-with-dsym";
				ENABLE_NS_ASSERTIONS = NO;
				ENABLE_STRICT_OBJC_MSGSEND = YES;
				GCC_C_LANGUAGE_STANDARD = gnu11;
				GCC_NO_COMMON_BLOCKS = YES;
				GCC_WARN_64_TO_32_BIT_CONVERSION = YES;
				GCC_WARN_ABOUT_RETURN_TYPE = YES_ERROR;
				GCC_WARN_UNDECLARED_SELECTOR = YES;
				GCC_WARN_UNINITIALIZED_AUTOS = YES_AGGRESSIVE;
				GCC_WARN_UNUSED_FUNCTION = YES;
				GCC_WARN_UNUSED_VARIABLE = YES;
				IPHONEOS_DEPLOYMENT_TARGET = 12.2;
				MTL_ENABLE_DEBUG_INFO = NO;
				MTL_FAST_MATH = YES;
				SDKROOT = iphoneos;
				SWIFT_COMPILATION_MODE = wholemodule;
				SWIFT_OPTIMIZATION_LEVEL = "-O";
				VALIDATE_PRODUCT = YES;
			};
			name = Release;
		};
		A378195E22BA21BD00B8C7F9 /* Debug */ = {
			isa = XCBuildConfiguration;
			baseConfigurationReference = 7952ED862C72655708148544 /* Pods-Todoey.debug.xcconfig */;
			buildSettings = {
				ASSETCATALOG_COMPILER_APPICON_NAME = AppIcon;
				CODE_SIGN_STYLE = Automatic;
				DEVELOPMENT_TEAM = 2F27M7C7K4;
				INFOPLIST_FILE = Todoey/Info.plist;
				LD_RUNPATH_SEARCH_PATHS = (
					"$(inherited)",
					"@executable_path/Frameworks",
				);
				PRODUCT_BUNDLE_IDENTIFIER = com.naver.kitonam.Todoey;
				PRODUCT_NAME = "$(TARGET_NAME)";
				SWIFT_VERSION = 5.0;
				TARGETED_DEVICE_FAMILY = "1,2";
			};
			name = Debug;
		};
		A378195F22BA21BD00B8C7F9 /* Release */ = {
			isa = XCBuildConfiguration;
			baseConfigurationReference = C3F2D67DC01122A021B245E4 /* Pods-Todoey.release.xcconfig */;
			buildSettings = {
				ASSETCATALOG_COMPILER_APPICON_NAME = AppIcon;
				CODE_SIGN_STYLE = Automatic;
				DEVELOPMENT_TEAM = 2F27M7C7K4;
				INFOPLIST_FILE = Todoey/Info.plist;
				LD_RUNPATH_SEARCH_PATHS = (
					"$(inherited)",
					"@executable_path/Frameworks",
				);
				PRODUCT_BUNDLE_IDENTIFIER = com.naver.kitonam.Todoey;
				PRODUCT_NAME = "$(TARGET_NAME)";
				SWIFT_VERSION = 5.0;
				TARGETED_DEVICE_FAMILY = "1,2";
			};
			name = Release;
		};
/* End XCBuildConfiguration section */

/* Begin XCConfigurationList section */
		A378194622BA21BC00B8C7F9 /* Build configuration list for PBXProject "Todoey" */ = {
			isa = XCConfigurationList;
			buildConfigurations = (
				A378195B22BA21BD00B8C7F9 /* Debug */,
				A378195C22BA21BD00B8C7F9 /* Release */,
			);
			defaultConfigurationIsVisible = 0;
			defaultConfigurationName = Release;
		};
		A378195D22BA21BD00B8C7F9 /* Build configuration list for PBXNativeTarget "Todoey" */ = {
			isa = XCConfigurationList;
			buildConfigurations = (
				A378195E22BA21BD00B8C7F9 /* Debug */,
				A378195F22BA21BD00B8C7F9 /* Release */,
			);
			defaultConfigurationIsVisible = 0;
			defaultConfigurationName = Release;
		};
/* End XCConfigurationList section */

/* Begin XCVersionGroup section */
		A3DC300122BDA839000157E1 /* DataModel.xcdatamodeld */ = {
			isa = XCVersionGroup;
			children = (
				A3DC300222BDA839000157E1 /* DataModel.xcdatamodel */,
			);
			currentVersion = A3DC300222BDA839000157E1 /* DataModel.xcdatamodel */;
			path = DataModel.xcdatamodeld;
			sourceTree = "<group>";
			versionGroupType = wrapper.xcdatamodel;
		};
/* End XCVersionGroup section */
	};
	rootObject = A378194322BA21BC00B8C7F9 /* Project object */;
}
